
Microsoft Visual Studio Solution File, Format Version 12.00
# Visual Studio Version 17
VisualStudioVersion = 17.0.32014.148
MinimumVisualStudioVersion = 10.0.40219.1
Project("{FAE04EC0-301F-11D3-BF4B-00C04F79EFBC}") = "AutenticacaoMVCCookies", "AutenticacaoMVCCookies\AutenticacaoMVCCookies.csproj", "{C217F972-BCC6-43B1-AE41-3A82E6231E14}"
EndProject
Global
	GlobalSection(SolutionConfigurationPlatforms) = preSolution
		Debug|Any CPU = Debug|Any CPU
		Release|Any CPU = Release|Any CPU
	EndGlobalSection
	GlobalSection(ProjectConfigurationPlatforms) = postSolution
		{C217F972-BCC6-43B1-AE41-3A82E6231E14}.Debug|Any CPU.ActiveCfg = Debug|Any CPU
		{C217F972-BCC6-43B1-AE41-3A82E6231E14}.Debug|Any CPU.Build.0 = Debug|Any CPU
		{C217F972-BCC6-43B1-AE41-3A82E6231E14}.Release|Any CPU.ActiveCfg = Release|Any CPU
		{C217F972-BCC6-43B1-AE41-3A82E6231E14}.Release|Any CPU.Build.0 = Release|Any CPU
	EndGlobalSection
	GlobalSection(SolutionProperties) = preSolution
		HideSolutionNode = FALSE
	EndGlobalSection
	GlobalSection(ExtensibilityGlobals) = postSolution
		SolutionGuid = {3FB3FC94-BFE4-455B-8F96-84EF6078E53B}
	EndGlobalSection
EndGlobal
